# This file is automatically @generated by Cargo.
# It is not intended for manual editing.
version = 4

[[package]]
name = "hane-edit"
version = "0.0.0"
dependencies = [
 "hane-geom",
 "hane-path",
 "hane-scene",
]

[[package]]
name = "hane-geom"
version = "0.0.0"

[[package]]
name = "hane-gpu"
version = "0.0.0"
dependencies = [
 "hane-geom",
 "hane-path",
 "hane-scene",
]

[[package]]
name = "hane-path"
version = "0.0.0"
dependencies = [
 "hane-geom",
]

[[package]]
name = "hane-raster"
version = "0.0.0"
dependencies = [
 "hane-geom",
 "hane-path",
]

[[package]]
name = "hane-scene"
version = "0.0.0"
dependencies = [
 "hane-geom",
 "hane-path",
]

[[package]]
name = "hane-svg"
version = "0.0.0"
dependencies = [
 "hane-geom",
 "hane-path",
]

[[package]]
name = "hane-text"
version = "0.0.0"
dependencies = [
 "hane-geom",
 "hane-path",
]

[[package]]
name = "hane-wasm"
version = "0.0.0"
dependencies = [
 "hane-edit",
 "hane-geom",
 "hane-gpu",
 "hane-path",
 "hane-raster",
 "hane-scene",
 "hane-svg",
 "hane-text",
]
